// !$*UTF8*$!
{
	archiveVersion = 1;
	classes = {
	};
	objectVersion = 55;
	objects = {

/* Begin PBXBuildFile section */
		30333092288687500051F2B5 /* LandmarkList.swift in Sources */ = {isa = PBXBuildFile; fileRef = 30333091288687500051F2B5 /* LandmarkList.swift */; };
		3033309628868D030051F2B5 /* LandmarkDetail.swift in Sources */ = {isa = PBXBuildFile; fileRef = 3033309528868D030051F2B5 /* LandmarkDetail.swift */; };
		3033309928868E340051F2B5 /* MapView.swift in Sources */ = {isa = PBXBuildFile; fileRef = 3033309728868E340051F2B5 /* MapView.swift */; };
		3033309A28868E340051F2B5 /* CircleImage.swift in Sources */ = {isa = PBXBuildFile; fileRef = 3033309828868E340051F2B5 /* CircleImage.swift */; };
		3033309C2886A1830051F2B5 /* FavoriteButton.swift in Sources */ = {isa = PBXBuildFile; fileRef = 3033309B2886A1830051F2B5 /* FavoriteButton.swift */; };
		3051F563288629D500332065 /* swiftUITestApp.swift in Sources */ = {isa = PBXBuildFile; fileRef = 3051F562288629D500332065 /* swiftUITestApp.swift */; };
		3051F565288629D500332065 /* ContentView.swift in Sources */ = {isa = PBXBuildFile; fileRef = 3051F564288629D500332065 /* ContentView.swift */; };
		3051F567288629DC00332065 /* Assets.xcassets in Resources */ = {isa = PBXBuildFile; fileRef = 3051F566288629DC00332065 /* Assets.xcassets */; };
		3051F56A288629DC00332065 /* Preview Assets.xcassets in Resources */ = {isa = PBXBuildFile; fileRef = 3051F569288629DC00332065 /* Preview Assets.xcassets */; };
		3051F57128862D3E00332065 /* ListTestView.swift in Sources */ = {isa = PBXBuildFile; fileRef = 3051F57028862D3E00332065 /* ListTestView.swift */; };
		3051F5732886336300332065 /* test2.swift in Sources */ = {isa = PBXBuildFile; fileRef = 3051F5722886336300332065 /* test2.swift */; };
		3051F57528867FA600332065 /* Landmark.swift in Sources */ = {isa = PBXBuildFile; fileRef = 3051F57428867FA600332065 /* Landmark.swift */; };
		3051F577288681A200332065 /* landmarkData.json in Resources */ = {isa = PBXBuildFile; fileRef = 3051F576288681A200332065 /* landmarkData.json */; };
		3051F579288681DF00332065 /* ModelData.swift in Sources */ = {isa = PBXBuildFile; fileRef = 3051F578288681DF00332065 /* ModelData.swift */; };
		3051F580288683D100332065 /* LandmarkRow.swift in Sources */ = {isa = PBXBuildFile; fileRef = 3051F57F288683D100332065 /* LandmarkRow.swift */; };
/* End PBXBuildFile section */

/* Begin PBXFileReference section */
		30333091288687500051F2B5 /* LandmarkList.swift */ = {isa = PBXFileReference; lastKnownFileType = sourcecode.swift; path = LandmarkList.swift; sourceTree = "<group>"; };
		3033309528868D030051F2B5 /* LandmarkDetail.swift */ = {isa = PBXFileReference; lastKnownFileType = sourcecode.swift; path = LandmarkDetail.swift; sourceTree = "<group>"; };
		3033309728868E340051F2B5 /* MapView.swift */ = {isa = PBXFileReference; fileEncoding = 4; lastKnownFileType = sourcecode.swift; path = MapView.swift; sourceTree = "<group>"; };
		3033309828868E340051F2B5 /* CircleImage.swift */ = {isa = PBXFileReference; fileEncoding = 4; lastKnownFileType = sourcecode.swift; path = CircleImage.swift; sourceTree = "<group>"; };
		3033309B2886A1830051F2B5 /* FavoriteButton.swift */ = {isa = PBXFileReference; lastKnownFileType = sourcecode.swift; path = FavoriteButton.swift; sourceTree = "<group>"; };
		3051F55F288629D500332065 /* swiftUITest.app */ = {isa = PBXFileReference; explicitFileType = wrapper.application; includeInIndex = 0; path = swiftUITest.app; sourceTree = BUILT_PRODUCTS_DIR; };
		3051F562288629D500332065 /* swiftUITestApp.swift */ = {isa = PBXFileReference; lastKnownFileType = sourcecode.swift; path = swiftUITestApp.swift; sourceTree = "<group>"; };
		3051F564288629D500332065 /* ContentView.swift */ = {isa = PBXFileReference; lastKnownFileType = sourcecode.swift; path = ContentView.swift; sourceTree = "<group>"; };
		3051F566288629DC00332065 /* Assets.xcassets */ = {isa = PBXFileReference; lastKnownFileType = folder.assetcatalog; path = Assets.xcassets; sourceTree = "<group>"; };
		3051F569288629DC00332065 /* Preview Assets.xcassets */ = {isa = PBXFileReference; lastKnownFileType = folder.assetcatalog; path = "Preview Assets.xcassets"; sourceTree = "<group>"; };
		3051F57028862D3E00332065 /* ListTestView.swift */ = {isa = PBXFileReference; lastKnownFileType = sourcecode.swift; path = ListTestView.swift; sourceTree = "<group>"; };
		3051F5722886336300332065 /* test2.swift */ = {isa = PBXFileReference; lastKnownFileType = sourcecode.swift; path = test2.swift; sourceTree = "<group>"; };
		3051F57428867FA600332065 /* Landmark.swift */ = {isa = PBXFileReference; lastKnownFileType = sourcecode.swift; path = Landmark.swift; sourceTree = "<group>"; };
		3051F576288681A200332065 /* landmarkData.json */ = {isa = PBXFileReference; fileEncoding = 4; lastKnownFileType = text.json; path = landmarkData.json; sourceTree = "<group>"; };
		3051F578288681DF00332065 /* ModelData.swift */ = {isa = PBXFileReference; lastKnownFileType = sourcecode.swift; path = ModelData.swift; sourceTree = "<group>"; };
		3051F57F288683D100332065 /* LandmarkRow.swift */ = {isa = PBXFileReference; lastKnownFileType = sourcecode.swift; path = LandmarkRow.swift; sourceTree = "<group>"; };
/* End PBXFileReference section */

/* Begin PBXFrameworksBuildPhase section */
		3051F55C288629D500332065 /* Frameworks */ = {
			isa = PBXFrameworksBuildPhase;
			buildActionMask = 2147483647;
			files = (
			);
			runOnlyForDeploymentPostprocessing = 0;
		};
/* End PBXFrameworksBuildPhase section */

/* Begin PBXGroup section */
		3051F556288629D500332065 = {
			isa = PBXGroup;
			children = (
				3051F561288629D500332065 /* swiftUITest */,
				3051F560288629D500332065 /* Products */,
			);
			sourceTree = "<group>";
		};
		3051F560288629D500332065 /* Products */ = {
			isa = PBXGroup;
			children = (
				3051F55F288629D500332065 /* swiftUITest.app */,
			);
			name = Products;
			sourceTree = "<group>";
		};
		3051F561288629D500332065 /* swiftUITest */ = {
			isa = PBXGroup;
			children = (
				3051F562288629D500332065 /* swiftUITestApp.swift */,
				3051F57C288682B200332065 /* Resource */,
				3051F57B288682A500332065 /* Model */,
				3051F57A2886829500332065 /* View */,
				3051F564288629D500332065 /* ContentView.swift */,
				3051F57028862D3E00332065 /* ListTestView.swift */,
				3051F5722886336300332065 /* test2.swift */,
				3051F566288629DC00332065 /* Assets.xcassets */,
				3051F568288629DC00332065 /* Preview Content */,
			);
			path = swiftUITest;
			sourceTree = "<group>";
		};
		3051F568288629DC00332065 /* Preview Content */ = {
			isa = PBXGroup;
			children = (
				3051F569288629DC00332065 /* Preview Assets.xcassets */,
			);
			path = "Preview Content";
			sourceTree = "<group>";
		};
		3051F57A2886829500332065 /* View */ = {
			isa = PBXGroup;
			children = (
				3033309828868E340051F2B5 /* CircleImage.swift */,
				3033309728868E340051F2B5 /* MapView.swift */,
				3051F57F288683D100332065 /* LandmarkRow.swift */,
				30333091288687500051F2B5 /* LandmarkList.swift */,
				3033309528868D030051F2B5 /* LandmarkDetail.swift */,
				3033309B2886A1830051F2B5 /* FavoriteButton.swift */,
			);
			path = View;
			sourceTree = "<group>";
		};
		3051F57B288682A500332065 /* Model */ = {
			isa = PBXGroup;
			children = (
				3051F578288681DF00332065 /* ModelData.swift */,
				3051F57428867FA600332065 /* Landmark.swift */,
			);
			path = Model;
			sourceTree = "<group>";
		};
		3051F57C288682B200332065 /* Resource */ = {
			isa = PBXGroup;
			children = (
				3051F576288681A200332065 /* landmarkData.json */,
			);
			path = Resource;
			sourceTree = "<group>";
		};
/* End PBXGroup section */

/* Begin PBXNativeTarget section */
		3051F55E288629D500332065 /* swiftUITest */ = {
			isa = PBXNativeTarget;
			buildConfigurationList = 3051F56D288629DC00332065 /* Build configuration list for PBXNativeTarget "swiftUITest" */;
			buildPhases = (
				3051F55B288629D500332065 /* Sources */,
				3051F55C288629D500332065 /* Frameworks */,
				3051F55D288629D500332065 /* Resources */,
			);
			buildRules = (
			);
			dependencies = (
			);
			name = swiftUITest;
			productName = swiftUITest;
			productReference = 3051F55F288629D500332065 /* swiftUITest.app */;
			productType = "com.apple.product-type.application";
		};
/* End PBXNativeTarget section */

/* Begin PBXProject section */
		3051F557288629D500332065 /* Project object */ = {
			isa = PBXProject;
			attributes = {
				BuildIndependentTargetsInParallel = 1;
				LastSwiftUpdateCheck = 1330;
				LastUpgradeCheck = 1330;
				TargetAttributes = {
					3051F55E288629D500332065 = {
						CreatedOnToolsVersion = 13.3.1;
					};
				};
			};
			buildConfigurationList = 3051F55A288629D500332065 /* Build configuration list for PBXProject "swiftUITest" */;
			compatibilityVersion = "Xcode 13.0";
			developmentRegion = en;
			hasScannedForEncodings = 0;
			knownRegions = (
				en,
				Base,
			);
			mainGroup = 3051F556288629D500332065;
			productRefGroup = 3051F560288629D500332065 /* Products */;
			projectDirPath = "";
			projectRoot = "";
			targets = (
				3051F55E288629D500332065 /* swiftUITest */,
			);
		};
/* End PBXProject section */

/* Begin PBXResourcesBuildPhase section */
		3051F55D288629D500332065 /* Resources */ = {
			isa = PBXResourcesBuildPhase;
			buildActionMask = 2147483647;
			files = (
				3051F56A288629DC00332065 /* Preview Assets.xcassets in Resources */,
				3051F577288681A200332065 /* landmarkData.json in Resources */,
				3051F567288629DC00332065 /* Assets.xcassets in Resources */,
			);
			runOnlyForDeploymentPostprocessing = 0;
		};
/* End PBXResourcesBuildPhase section */

/* Begin PBXSourcesBuildPhase section */
		3051F55B288629D500332065 /* Sources */ = {
			isa = PBXSourcesBuildPhase;
			buildActionMask = 2147483647;
			files = (
				3051F5732886336300332065 /* test2.swift in Sources */,
				3051F565288629D500332065 /* ContentView.swift in Sources */,
				3051F563288629D500332065 /* swiftUITestApp.swift in Sources */,
				3033309C2886A1830051F2B5 /* FavoriteButton.swift in Sources */,
				30333092288687500051F2B5 /* LandmarkList.swift in Sources */,
				3033309628868D030051F2B5 /* LandmarkDetail.swift in Sources */,
				3051F57128862D3E00332065 /* ListTestView.swift in Sources */,
				3051F57528867FA600332065 /* Landmark.swift in Sources */,
				3033309928868E340051F2B5 /* MapView.swift in Sources */,
				3033309A28868E340051F2B5 /* CircleImage.swift in Sources */,
				3051F580288683D100332065 /* LandmarkRow.swift in Sources */,
				3051F579288681DF00332065 /* ModelData.swift in Sources */,
			);
			runOnlyForDeploymentPostprocessing = 0;
		};
/* End PBXSourcesBuildPhase section */

/* Begin XCBuildConfiguration section */
		3051F56B288629DC00332065 /* Debug */ = {
			isa = XCBuildConfiguration;
			buildSettings = {
				ALWAYS_SEARCH_USER_PATHS = NO;
				CLANG_ANALYZER_NONNULL = YES;
				CLANG_ANALYZER_NUMBER_OBJECT_CONVERSION = YES_AGGRESSIVE;
				CLANG_CXX_LANGUAGE_STANDARD = "gnu++17";
				CLANG_ENABLE_MODULES = YES;
				CLANG_ENABLE_OBJC_ARC = YES;
				CLANG_ENABLE_OBJC_WEAK = YES;
				CLANG_WARN_BLOCK_CAPTURE_AUTORELEASING = YES;
				CLANG_WARN_BOOL_CONVERSION = YES;
				CLANG_WARN_COMMA = YES;
				CLANG_WARN_CONSTANT_CONVERSION = YES;
				CLANG_WARN_DEPRECATED_OBJC_IMPLEMENTATIONS = YES;
				CLANG_WARN_DIRECT_OBJC_ISA_USAGE = YES_ERROR;
				CLANG_WARN_DOCUMENTATION_COMMENTS = YES;
				CLANG_WARN_EMPTY_BODY = YES;
				CLANG_WARN_ENUM_CONVERSION = YES;
				CLANG_WARN_INFINITE_RECURSION = YES;
				CLANG_WARN_INT_CONVERSION = YES;
				CLANG_WARN_NON_LITERAL_NULL_CONVERSION = YES;
				CLANG_WARN_OBJC_IMPLICIT_RETAIN_SELF = YES;
				CLANG_WARN_OBJC_LITERAL_CONVERSION = YES;
				CLANG_WARN_OBJC_ROOT_CLASS = YES_ERROR;
				CLANG_WARN_QUOTED_INCLUDE_IN_FRAMEWORK_HEADER = YES;
				CLANG_WARN_RANGE_LOOP_ANALYSIS = YES;
				CLANG_WARN_STRICT_PROTOTYPES = YES;
				CLANG_WARN_SUSPICIOUS_MOVE = YES;
				CLANG_WARN_UNGUARDED_AVAILABILITY = YES_AGGRESSIVE;
				CLANG_WARN_UNREACHABLE_CODE = YES;
				CLANG_WARN__DUPLICATE_METHOD_MATCH = YES;
				COPY_PHASE_STRIP = NO;
				DEBUG_INFORMATION_FORMAT = dwarf;
				ENABLE_STRICT_OBJC_MSGSEND = YES;
				ENABLE_TESTABILITY = YES;
				GCC_C_LANGUAGE_STANDARD = gnu11;
				GCC_DYNAMIC_NO_PIC = NO;
				GCC_NO_COMMON_BLOCKS = YES;
				GCC_OPTIMIZATION_LEVEL = 0;
				GCC_PREPROCESSOR_DEFINITIONS = (
					"DEBUG=1",
					"$(inherited)",
				);
				GCC_WARN_64_TO_32_BIT_CONVERSION = YES;
				GCC_WARN_ABOUT_RETURN_TYPE = YES_ERROR;
				GCC_WARN_UNDECLARED_SELECTOR = YES;
				GCC_WARN_UNINITIALIZED_AUTOS = YES_AGGRESSIVE;
				GCC_WARN_UNUSED_FUNCTION = YES;
				GCC_WARN_UNUSED_VARIABLE = YES;
				IPHONEOS_DEPLOYMENT_TARGET = 15.4;
				MTL_ENABLE_DEBUG_INFO = INCLUDE_SOURCE;
				MTL_FAST_MATH = YES;
				ONLY_ACTIVE_ARCH = YES;
				SDKROOT = iphoneos;
				SWIFT_ACTIVE_COMPILATION_CONDITIONS = DEBUG;
				SWIFT_OPTIMIZATION_LEVEL = "-Onone";
			};
			name = Debug;
		};
		3051F56C288629DC00332065 /* Release */ = {
			isa = XCBuildConfiguration;
			buildSettings = {
				ALWAYS_SEARCH_USER_PATHS = NO;
				CLANG_ANALYZER_NONNULL = YES;
				CLANG_ANALYZER_NUMBER_OBJECT_CONVERSION = YES_AGGRESSIVE;
				CLANG_CXX_LANGUAGE_STANDARD = "gnu++17";
				CLANG_ENABLE_MODULES = YES;
				CLANG_ENABLE_OBJC_ARC = YES;
				CLANG_ENABLE_OBJC_WEAK = YES;
				CLANG_WARN_BLOCK_CAPTURE_AUTORELEASING = YES;
				CLANG_WARN_BOOL_CONVERSION = YES;
				CLANG_WARN_COMMA = YES;
				CLANG_WARN_CONSTANT_CONVERSION = YES;
				CLANG_WARN_DEPRECATED_OBJC_IMPLEMENTATIONS = YES;
				CLANG_WARN_DIRECT_OBJC_ISA_USAGE = YES_ERROR;
				CLANG_WARN_DOCUMENTATION_COMMENTS = YES;
				CLANG_WARN_EMPTY_BODY = YES;
				CLANG_WARN_ENUM_CONVERSION = YES;
				CLANG_WARN_INFINITE_RECURSION = YES;
				CLANG_WARN_INT_CONVERSION = YES;
				CLANG_WARN_NON_LITERAL_NULL_CONVERSION = YES;
				CLANG_WARN_OBJC_IMPLICIT_RETAIN_SELF = YES;
				CLANG_WARN_OBJC_LITERAL_CONVERSION = YES;
				CLANG_WARN_OBJC_ROOT_CLASS = YES_ERROR;
				CLANG_WARN_QUOTED_INCLUDE_IN_FRAMEWORK_HEADER = YES;
				CLANG_WARN_RANGE_LOOP_ANALYSIS = YES;
				CLANG_WARN_STRICT_PROTOTYPES = YES;
				CLANG_WARN_SUSPICIOUS_MOVE = YES;
				CLANG_WARN_UNGUARDED_AVAILABILITY = YES_AGGRESSIVE;
				CLANG_WARN_UNREACHABLE_CODE = YES;
				CLANG_WARN__DUPLICATE_METHOD_MATCH = YES;
				COPY_PHASE_STRIP = NO;
				DEBUG_INFORMATION_FORMAT = "dwarf-with-dsym";
				ENABLE_NS_ASSERTIONS = NO;
				ENABLE_STRICT_OBJC_MSGSEND = YES;
				GCC_C_LANGUAGE_STANDARD = gnu11;
				GCC_NO_COMMON_BLOCKS = YES;
				GCC_WARN_64_TO_32_BIT_CONVERSION = YES;
				GCC_WARN_ABOUT_RETURN_TYPE = YES_ERROR;
				GCC_WARN_UNDECLARED_SELECTOR = YES;
				GCC_WARN_UNINITIALIZED_AUTOS = YES_AGGRESSIVE;
				GCC_WARN_UNUSED_FUNCTION = YES;
				GCC_WARN_UNUSED_VARIABLE = YES;
				IPHONEOS_DEPLOYMENT_TARGET = 15.4;
				MTL_ENABLE_DEBUG_INFO = NO;
				MTL_FAST_MATH = YES;
				SDKROOT = iphoneos;
				SWIFT_COMPILATION_MODE = wholemodule;
				SWIFT_OPTIMIZATION_LEVEL = "-O";
				VALIDATE_PRODUCT = YES;
			};
			name = Release;
		};
		3051F56E288629DC00332065 /* Debug */ = {
			isa = XCBuildConfiguration;
			buildSettings = {
				ASSETCATALOG_COMPILER_APPICON_NAME = AppIcon;
				ASSETCATALOG_COMPILER_GLOBAL_ACCENT_COLOR_NAME = AccentColor;
				CODE_SIGN_STYLE = Automatic;
				CURRENT_PROJECT_VERSION = 1;
				DEVELOPMENT_ASSET_PATHS = "\"swiftUITest/Preview Content\"";
				DEVELOPMENT_TEAM = PD739GKFH2;
				ENABLE_PREVIEWS = YES;
				GENERATE_INFOPLIST_FILE = YES;
				INFOPLIST_KEY_UIApplicationSceneManifest_Generation = YES;
				INFOPLIST_KEY_UIApplicationSupportsIndirectInputEvents = YES;
				INFOPLIST_KEY_UILaunchScreen_Generation = YES;
				INFOPLIST_KEY_UISupportedInterfaceOrientations_iPad = "UIInterfaceOrientationPortrait UIInterfaceOrientationPortraitUpsideDown UIInterfaceOrientationLandscapeLeft UIInterfaceOrientationLandscapeRight";
				INFOPLIST_KEY_UISupportedInterfaceOrientations_iPhone = "UIInterfaceOrientationPortrait UIInterfaceOrientationLandscapeLeft UIInterfaceOrientationLandscapeRight";
				LD_RUNPATH_SEARCH_PATHS = (
					"$(inherited)",
					"@executable_path/Frameworks",
				);
				MARKETING_VERSION = 1.0;
				PRODUCT_BUNDLE_IDENTIFIER = swiftUITest.swiftUITest;
				PRODUCT_NAME = "$(TARGET_NAME)";
				SWIFT_EMIT_LOC_STRINGS = YES;
				SWIFT_VERSION = 5.0;
				TARGETED_DEVICE_FAMILY = "1,2";
			};
			name = Debug;
		};
		3051F56F288629DC00332065 /* Release */ = {
			isa = XCBuildConfiguration;
			buildSettings = {
				ASSETCATALOG_COMPILER_APPICON_NAME = AppIcon;
				ASSETCATALOG_COMPILER_GLOBAL_ACCENT_COLOR_NAME = AccentColor;
				CODE_SIGN_STYLE = Automatic;
				CURRENT_PROJECT_VERSION = 1;
				DEVELOPMENT_ASSET_PATHS = "\"swiftUITest/Preview Content\"";
				DEVELOPMENT_TEAM = PD739GKFH2;
				ENABLE_PREVIEWS = YES;
				GENERATE_INFOPLIST_FILE = YES;
				INFOPLIST_KEY_UIApplicationSceneManifest_Generation = YES;
				INFOPLIST_KEY_UIApplicationSupportsIndirectInputEvents = YES;
				INFOPLIST_KEY_UILaunchScreen_Generation = YES;
				INFOPLIST_KEY_UISupportedInterfaceOrientations_iPad = "UIInterfaceOrientationPortrait UIInterfaceOrientationPortraitUpsideDown UIInterfaceOrientationLandscapeLeft UIInterfaceOrientationLandscapeRight";
				INFOPLIST_KEY_UISupportedInterfaceOrientations_iPhone = "UIInterfaceOrientationPortrait UIInterfaceOrientationLandscapeLeft UIInterfaceOrientationLandscapeRight";
				LD_RUNPATH_SEARCH_PATHS = (
					"$(inherited)",
					"@executable_path/Frameworks",
				);
				MARKETING_VERSION = 1.0;
				PRODUCT_BUNDLE_IDENTIFIER = swiftUITest.swiftUITest;
				PRODUCT_NAME = "$(TARGET_NAME)";
				SWIFT_EMIT_LOC_STRINGS = YES;
				SWIFT_VERSION = 5.0;
				TARGETED_DEVICE_FAMILY = "1,2";
			};
			name = Release;
		};
/* End XCBuildConfiguration section */

/* Begin XCConfigurationList section */
		3051F55A288629D500332065 /* Build configuration list for PBXProject "swiftUITest" */ = {
			isa = XCConfigurationList;
			buildConfigurations = (
				3051F56B288629DC00332065 /* Debug */,
				3051F56C288629DC00332065 /* Release */,
			);
			defaultConfigurationIsVisible = 0;
			defaultConfigurationName = Release;
		};
		3051F56D288629DC00332065 /* Build configuration list for PBXNativeTarget "swiftUITest" */ = {
			isa = XCConfigurationList;
			buildConfigurations = (
				3051F56E288629DC00332065 /* Debug */,
				3051F56F288629DC00332065 /* Release */,
			);
			defaultConfigurationIsVisible = 0;
			defaultConfigurationName = Release;
		};
/* End XCConfigurationList section */
	};
	rootObject = 3051F557288629D500332065 /* Project object */;
}
